
Microsoft Visual Studio Solution File, Format Version 12.00
# Visual Studio 15
VisualStudioVersion = 15.0.27130.2003
MinimumVisualStudioVersion = 10.0.40219.1
Project("{FAE04EC0-301F-11D3-BF4B-00C04F79EFBC}") = "MvcAuctionWebApp", "MvcAuctionWebApp\MvcAuctionWebApp.csproj", "{B5081BDE-9ABF-4F0A-9774-AD4BE1CD7C6A}"
EndProject
Global
	GlobalSection(SolutionConfigurationPlatforms) = preSolution
		Debug|Any CPU = Debug|Any CPU
		Release|Any CPU = Release|Any CPU
	EndGlobalSection
	GlobalSection(ProjectConfigurationPlatforms) = postSolution
		{B5081BDE-9ABF-4F0A-9774-AD4BE1CD7C6A}.Debug|Any CPU.ActiveCfg = Debug|Any CPU
		{B5081BDE-9ABF-4F0A-9774-AD4BE1CD7C6A}.Debug|Any CPU.Build.0 = Debug|Any CPU
		{B5081BDE-9ABF-4F0A-9774-AD4BE1CD7C6A}.Release|Any CPU.ActiveCfg = Release|Any CPU
		{B5081BDE-9ABF-4F0A-9774-AD4BE1CD7C6A}.Release|Any CPU.Build.0 = Release|Any CPU
	EndGlobalSection
	GlobalSection(SolutionProperties) = preSolution
		HideSolutionNode = FALSE
	EndGlobalSection
	GlobalSection(ExtensibilityGlobals) = postSolution
		SolutionGuid = {EA4E66AB-9E5D-40BD-B181-C56FBAC03647}
	EndGlobalSection
EndGlobal
